// !$*UTF8*$!
{
	archiveVersion = 1;
	classes = {
	};
	objectVersion = 46;
	objects = {

/* Begin PBXBuildFile section */
		4C329E231BDFD2240018C517 /* image.png in Resources */ = {isa = PBXBuildFile; fileRef = 4C329E221BDFD2240018C517 /* image.png */; };
		4CE16C451BDFA177008ABF95 /* AppDelegate.swift in Sources */ = {isa = PBXBuildFile; fileRef = 4CE16C441BDFA177008ABF95 /* AppDelegate.swift */; };
		4CE16C471BDFA177008ABF95 /* ViewController.swift in Sources */ = {isa = PBXBuildFile; fileRef = 4CE16C461BDFA177008ABF95 /* ViewController.swift */; };
		4CE16C4A1BDFA177008ABF95 /* Main.storyboard in Resources */ = {isa = PBXBuildFile; fileRef = 4CE16C481BDFA177008ABF95 /* Main.storyboard */; };
		4CE16C4D1BDFA177008ABF95 /* Getting_Started_with_3D_Touch.xcdatamodeld in Sources */ = {isa = PBXBuildFile; fileRef = 4CE16C4B1BDFA177008ABF95 /* Getting_Started_with_3D_Touch.xcdatamodeld */; };
		4CE16C4F1BDFA177008ABF95 /* Assets.xcassets in Resources */ = {isa = PBXBuildFile; fileRef = 4CE16C4E1BDFA177008ABF95 /* Assets.xcassets */; };
		4CE16C521BDFA177008ABF95 /* LaunchScreen.storyboard in Resources */ = {isa = PBXBuildFile; fileRef = 4CE16C501BDFA177008ABF95 /* LaunchScreen.storyboard */; };
/* End PBXBuildFile section */

/* Begin PBXFileReference section */
		4C329E221BDFD2240018C517 /* image.png */ = {isa = PBXFileReference; lastKnownFileType = image.png; path = image.png; sourceTree = "<group>"; };
		4CE16C411BDFA177008ABF95 /* Getting Started with 3D Touch.app */ = {isa = PBXFileReference; explicitFileType = wrapper.application; includeInIndex = 0; path = "Getting Started with 3D Touch.app"; sourceTree = BUILT_PRODUCTS_DIR; };
		4CE16C441BDFA177008ABF95 /* AppDelegate.swift */ = {isa = PBXFileReference; lastKnownFileType = sourcecode.swift; path = AppDelegate.swift; sourceTree = "<group>"; };
		4CE16C461BDFA177008ABF95 /* ViewController.swift */ = {isa = PBXFileReference; lastKnownFileType = sourcecode.swift; path = ViewController.swift; sourceTree = "<group>"; };
		4CE16C491BDFA177008ABF95 /* Base */ = {isa = PBXFileReference; lastKnownFileType = file.storyboard; name = Base; path = Base.lproj/Main.storyboard; sourceTree = "<group>"; };
		4CE16C4C1BDFA177008ABF95 /* Getting_Started_with_3D_Touch.xcdatamodel */ = {isa = PBXFileReference; lastKnownFileType = wrapper.xcdatamodel; path = Getting_Started_with_3D_Touch.xcdatamodel; sourceTree = "<group>"; };
		4CE16C4E1BDFA177008ABF95 /* Assets.xcassets */ = {isa = PBXFileReference; lastKnownFileType = folder.assetcatalog; path = Assets.xcassets; sourceTree = "<group>"; };
		4CE16C511BDFA177008ABF95 /* Base */ = {isa = PBXFileReference; lastKnownFileType = file.storyboard; name = Base; path = Base.lproj/LaunchScreen.storyboard; sourceTree = "<group>"; };
		4CE16C531BDFA177008ABF95 /* Info.plist */ = {isa = PBXFileReference; lastKnownFileType = text.plist.xml; path = Info.plist; sourceTree = "<group>"; };
/* End PBXFileReference section */

/* Begin PBXFrameworksBuildPhase section */
		4CE16C3E1BDFA176008ABF95 /* Frameworks */ = {
			isa = PBXFrameworksBuildPhase;
			buildActionMask = 2147483647;
			files = (
			);
			runOnlyForDeploymentPostprocessing = 0;
		};
/* End PBXFrameworksBuildPhase section */

/* Begin PBXGroup section */
		4CE16C381BDFA176008ABF95 = {
			isa = PBXGroup;
			children = (
				4CE16C431BDFA177008ABF95 /* Getting Started with 3D Touch */,
				4CE16C421BDFA177008ABF95 /* Products */,
			);
			sourceTree = "<group>";
		};
		4CE16C421BDFA177008ABF95 /* Products */ = {
			isa = PBXGroup;
			children = (
				4CE16C411BDFA177008ABF95 /* Getting Started with 3D Touch.app */,
			);
			name = Products;
			sourceTree = "<group>";
		};
		4CE16C431BDFA177008ABF95 /* Getting Started with 3D Touch */ = {
			isa = PBXGroup;
			children = (
				4C329E221BDFD2240018C517 /* image.png */,
				4CE16C441BDFA177008ABF95 /* AppDelegate.swift */,
				4CE16C461BDFA177008ABF95 /* ViewController.swift */,
				4CE16C481BDFA177008ABF95 /* Main.storyboard */,
				4CE16C4E1BDFA177008ABF95 /* Assets.xcassets */,
				4CE16C501BDFA177008ABF95 /* LaunchScreen.storyboard */,
				4CE16C531BDFA177008ABF95 /* Info.plist */,
				4CE16C4B1BDFA177008ABF95 /* Getting_Started_with_3D_Touch.xcdatamodeld */,
			);
			path = "Getting Started with 3D Touch";
			sourceTree = "<group>";
		};
/* End PBXGroup section */

/* Begin PBXNativeTarget section */
		4CE16C401BDFA176008ABF95 /* Getting Started with 3D Touch */ = {
			isa = PBXNativeTarget;
			buildConfigurationList = 4CE16C561BDFA177008ABF95 /* Build configuration list for PBXNativeTarget "Getting Started with 3D Touch" */;
			buildPhases = (
				4CE16C3D1BDFA176008ABF95 /* Sources */,
				4CE16C3E1BDFA176008ABF95 /* Frameworks */,
				4CE16C3F1BDFA176008ABF95 /* Resources */,
			);
			buildRules = (
			);
			dependencies = (
			);
			name = "Getting Started with 3D Touch";
			productName = "Getting Started with 3D Touch";
			productReference = 4CE16C411BDFA177008ABF95 /* Getting Started with 3D Touch.app */;
			productType = "com.apple.product-type.application";
		};
/* End PBXNativeTarget section */

/* Begin PBXProject section */
		4CE16C391BDFA176008ABF95 /* Project object */ = {
			isa = PBXProject;
			attributes = {
				LastSwiftUpdateCheck = 0710;
				LastUpgradeCheck = 0710;
				ORGANIZATIONNAME = "Syncode Software Ltd.";
				TargetAttributes = {
					4CE16C401BDFA176008ABF95 = {
						CreatedOnToolsVersion = 7.1;
						DevelopmentTeam = 2SK4CQ44SN;
					};
				};
			};
			buildConfigurationList = 4CE16C3C1BDFA176008ABF95 /* Build configuration list for PBXProject "Getting Started with 3D Touch" */;
			compatibilityVersion = "Xcode 3.2";
			developmentRegion = English;
			hasScannedForEncodings = 0;
			knownRegions = (
				en,
				Base,
			);
			mainGroup = 4CE16C381BDFA176008ABF95;
			productRefGroup = 4CE16C421BDFA177008ABF95 /* Products */;
			projectDirPath = "";
			projectRoot = "";
			targets = (
				4CE16C401BDFA176008ABF95 /* Getting Started with 3D Touch */,
			);
		};
/* End PBXProject section */

/* Begin PBXResourcesBuildPhase section */
		4CE16C3F1BDFA176008ABF95 /* Resources */ = {
			isa = PBXResourcesBuildPhase;
			buildActionMask = 2147483647;
			files = (
				4CE16C521BDFA177008ABF95 /* LaunchScreen.storyboard in Resources */,
				4CE16C4F1BDFA177008ABF95 /* Assets.xcassets in Resources */,
				4CE16C4A1BDFA177008ABF95 /* Main.storyboard in Resources */,
				4C329E231BDFD2240018C517 /* image.png in Resources */,
			);
			runOnlyForDeploymentPostprocessing = 0;
		};
/* End PBXResourcesBuildPhase section */

/* Begin PBXSourcesBuildPhase section */
		4CE16C3D1BDFA176008ABF95 /* Sources */ = {
			isa = PBXSourcesBuildPhase;
			buildActionMask = 2147483647;
			files = (
				4CE16C471BDFA177008ABF95 /* ViewController.swift in Sources */,
				4CE16C451BDFA177008ABF95 /* AppDelegate.swift in Sources */,
				4CE16C4D1BDFA177008ABF95 /* Getting_Started_with_3D_Touch.xcdatamodeld in Sources */,
			);
			runOnlyForDeploymentPostprocessing = 0;
		};
/* End PBXSourcesBuildPhase section */

/* Begin PBXVariantGroup section */
		4CE16C481BDFA177008ABF95 /* Main.storyboard */ = {
			isa = PBXVariantGroup;
			children = (
				4CE16C491BDFA177008ABF95 /* Base */,
			);
			name = Main.storyboard;
			sourceTree = "<group>";
		};
		4CE16C501BDFA177008ABF95 /* LaunchScreen.storyboard */ = {
			isa = PBXVariantGroup;
			children = (
				4CE16C511BDFA177008ABF95 /* Base */,
			);
			name = LaunchScreen.storyboard;
			sourceTree = "<group>";
		};
/* End PBXVariantGroup section */

/* Begin XCBuildConfiguration section */
		4CE16C541BDFA177008ABF95 /* Debug */ = {
			isa = XCBuildConfiguration;
			buildSettings = {
				ALWAYS_SEARCH_USER_PATHS = NO;
				CLANG_CXX_LANGUAGE_STANDARD = "gnu++0x";
				CLANG_CXX_LIBRARY = "libc++";
				CLANG_ENABLE_MODULES = YES;
				CLANG_ENABLE_OBJC_ARC = YES;
				CLANG_WARN_BOOL_CONVERSION = YES;
				CLANG_WARN_CONSTANT_CONVERSION = YES;
				CLANG_WARN_DIRECT_OBJC_ISA_USAGE = YES_ERROR;
				CLANG_WARN_EMPTY_BODY = YES;
				CLANG_WARN_ENUM_CONVERSION = YES;
				CLANG_WARN_INT_CONVERSION = YES;
				CLANG_WARN_OBJC_ROOT_CLASS = YES_ERROR;
				CLANG_WARN_UNREACHABLE_CODE = YES;
				CLANG_WARN__DUPLICATE_METHOD_MATCH = YES;
				"CODE_SIGN_IDENTITY[sdk=iphoneos*]" = "iPhone Developer";
				COPY_PHASE_STRIP = NO;
				DEBUG_INFORMATION_FORMAT = dwarf;
				ENABLE_STRICT_OBJC_MSGSEND = YES;
				ENABLE_TESTABILITY = YES;
				GCC_C_LANGUAGE_STANDARD = gnu99;
				GCC_DYNAMIC_NO_PIC = NO;
				GCC_NO_COMMON_BLOCKS = YES;
				GCC_OPTIMIZATION_LEVEL = 0;
				GCC_PREPROCESSOR_DEFINITIONS = (
					"DEBUG=1",
					"$(inherited)",
				);
				GCC_WARN_64_TO_32_BIT_CONVERSION = YES;
				GCC_WARN_ABOUT_RETURN_TYPE = YES_ERROR;
				GCC_WARN_UNDECLARED_SELECTOR = YES;
				GCC_WARN_UNINITIALIZED_AUTOS = YES_AGGRESSIVE;
				GCC_WARN_UNUSED_FUNCTION = YES;
				GCC_WARN_UNUSED_VARIABLE = YES;
				IPHONEOS_DEPLOYMENT_TARGET = 9.1;
				MTL_ENABLE_DEBUG_INFO = YES;
				ONLY_ACTIVE_ARCH = YES;
				SDKROOT = iphoneos;
				SWIFT_OPTIMIZATION_LEVEL = "-Onone";
			};
			name = Debug;
		};
		4CE16C551BDFA177008ABF95 /* Release */ = {
			isa = XCBuildConfiguration;
			buildSettings = {
				ALWAYS_SEARCH_USER_PATHS = NO;
				CLANG_CXX_LANGUAGE_STANDARD = "gnu++0x";
				CLANG_CXX_LIBRARY = "libc++";
				CLANG_ENABLE_MODULES = YES;
				CLANG_ENABLE_OBJC_ARC = YES;
				CLANG_WARN_BOOL_CONVERSION = YES;
				CLANG_WARN_CONSTANT_CONVERSION = YES;
				CLANG_WARN_DIRECT_OBJC_ISA_USAGE = YES_ERROR;
				CLANG_WARN_EMPTY_BODY = YES;
				CLANG_WARN_ENUM_CONVERSION = YES;
				CLANG_WARN_INT_CONVERSION = YES;
				CLANG_WARN_OBJC_ROOT_CLASS = YES_ERROR;
				CLANG_WARN_UNREACHABLE_CODE = YES;
				CLANG_WARN__DUPLICATE_METHOD_MATCH = YES;
				"CODE_SIGN_IDENTITY[sdk=iphoneos*]" = "iPhone Developer";
				COPY_PHASE_STRIP = NO;
				DEBUG_INFORMATION_FORMAT = "dwarf-with-dsym";
				ENABLE_NS_ASSERTIONS = NO;
				ENABLE_STRICT_OBJC_MSGSEND = YES;
				GCC_C_LANGUAGE_STANDARD = gnu99;
				GCC_NO_COMMON_BLOCKS = YES;
				GCC_WARN_64_TO_32_BIT_CONVERSION = YES;
				GCC_WARN_ABOUT_RETURN_TYPE = YES_ERROR;
				GCC_WARN_UNDECLARED_SELECTOR = YES;
				GCC_WARN_UNINITIALIZED_AUTOS = YES_AGGRESSIVE;
				GCC_WARN_UNUSED_FUNCTION = YES;
				GCC_WARN_UNUSED_VARIABLE = YES;
				IPHONEOS_DEPLOYMENT_TARGET = 9.1;
				MTL_ENABLE_DEBUG_INFO = NO;
				SDKROOT = iphoneos;
				VALIDATE_PRODUCT = YES;
			};
			name = Release;
		};
		4CE16C571BDFA177008ABF95 /* Debug */ = {
			isa = XCBuildConfiguration;
			buildSettings = {
				ASSETCATALOG_COMPILER_APPICON_NAME = AppIcon;
				CODE_SIGN_IDENTITY = "iPhone Developer";
				INFOPLIST_FILE = "Getting Started with 3D Touch/Info.plist";
				IPHONEOS_DEPLOYMENT_TARGET = 9.0;
				LD_RUNPATH_SEARCH_PATHS = "$(inherited) @executable_path/Frameworks";
				PRODUCT_BUNDLE_IDENTIFIER = "io.syncode.Getting-Started-with-3D-Touch";
				PRODUCT_NAME = "$(TARGET_NAME)";
			};
			name = Debug;
		};
		4CE16C581BDFA177008ABF95 /* Release */ = {
			isa = XCBuildConfiguration;
			buildSettings = {
				ASSETCATALOG_COMPILER_APPICON_NAME = AppIcon;
				CODE_SIGN_IDENTITY = "iPhone Developer";
				INFOPLIST_FILE = "Getting Started with 3D Touch/Info.plist";
				IPHONEOS_DEPLOYMENT_TARGET = 9.0;
				LD_RUNPATH_SEARCH_PATHS = "$(inherited) @executable_path/Frameworks";
				PRODUCT_BUNDLE_IDENTIFIER = "io.syncode.Getting-Started-with-3D-Touch";
				PRODUCT_NAME = "$(TARGET_NAME)";
			};
			name = Release;
		};
/* End XCBuildConfiguration section */

/* Begin XCConfigurationList section */
		4CE16C3C1BDFA176008ABF95 /* Build configuration list for PBXProject "Getting Started with 3D Touch" */ = {
			isa = XCConfigurationList;
			buildConfigurations = (
				4CE16C541BDFA177008ABF95 /* Debug */,
				4CE16C551BDFA177008ABF95 /* Release */,
			);
			defaultConfigurationIsVisible = 0;
			defaultConfigurationName = Release;
		};
		4CE16C561BDFA177008ABF95 /* Build configuration list for PBXNativeTarget "Getting Started with 3D Touch" */ = {
			isa = XCConfigurationList;
			buildConfigurations = (
				4CE16C571BDFA177008ABF95 /* Debug */,
				4CE16C581BDFA177008ABF95 /* Release */,
			);
			defaultConfigurationIsVisible = 0;
			defaultConfigurationName = Release;
		};
/* End XCConfigurationList section */

/* Begin XCVersionGroup section */
		4CE16C4B1BDFA177008ABF95 /* Getting_Started_with_3D_Touch.xcdatamodeld */ = {
			isa = XCVersionGroup;
			children = (
				4CE16C4C1BDFA177008ABF95 /* Getting_Started_with_3D_Touch.xcdatamodel */,
			);
			currentVersion = 4CE16C4C1BDFA177008ABF95 /* Getting_Started_with_3D_Touch.xcdatamodel */;
			path = Getting_Started_with_3D_Touch.xcdatamodeld;
			sourceTree = "<group>";
			versionGroupType = wrapper.xcdatamodel;
		};
/* End XCVersionGroup section */
	};
	rootObject = 4CE16C391BDFA176008ABF95 /* Project object */;
}
